PODS:
  - DSSuspendManager (0.1.0)

DEPENDENCIES:
  - DSSuspendManager

SPEC REPOS:
  https://github.com/biostome/DSSpecs.git:
    - DSSuspendManager

SPEC CHECKSUMS:
  DSSuspendManager: b61d7523d3450f46c4aaa234e8b58b4966d5cb85

PODFILE CHECKSUM: 060e10a9f35ee8e714968694b7c06265dafb0090

COCOAPODS: 1.5.3
